
Microsoft Visual Studio Solution File, Format Version 12.00
# Visual Studio Version 18
VisualStudioVersion = 18.1.11312.151 d18.0
MinimumVisualStudioVersion = 10.0.40219.1
Project("{9A19103F-16F7-4668-BE54-9A1E7A4F7556}") = "HomeAppsBlazerServer", "HomeAppsBlazerServer\HomeAppsBlazerServer.csproj", "{8C471706-2A5A-4B9B-9580-DA7527F41296}"
EndProject
Project("{00D1A9C2-B5F0-4AF3-8072-F6C62B433612}") = "HomeAppsV3DB", "HomeAppsV3DB\HomeAppsV3DB.sqlproj", "{D5C247AD-68BD-4812-BD8E-32088DB105B6}"
EndProject
Global
	GlobalSection(SolutionConfigurationPlatforms) = preSolution
		Debug|Any CPU = Debug|Any CPU
		Release|Any CPU = Release|Any CPU
	EndGlobalSection
	GlobalSection(ProjectConfigurationPlatforms) = postSolution
		{8C471706-2A5A-4B9B-9580-DA7527F41296}.Debug|Any CPU.ActiveCfg = Debug|Any CPU
		{8C471706-2A5A-4B9B-9580-DA7527F41296}.Debug|Any CPU.Build.0 = Debug|Any CPU
		{8C471706-2A5A-4B9B-9580-DA7527F41296}.Release|Any CPU.ActiveCfg = Release|Any CPU
		{8C471706-2A5A-4B9B-9580-DA7527F41296}.Release|Any CPU.Build.0 = Release|Any CPU
		{D5C247AD-68BD-4812-BD8E-32088DB105B6}.Debug|Any CPU.ActiveCfg = Debug|Any CPU
		{D5C247AD-68BD-4812-BD8E-32088DB105B6}.Debug|Any CPU.Build.0 = Debug|Any CPU
		{D5C247AD-68BD-4812-BD8E-32088DB105B6}.Debug|Any CPU.Deploy.0 = Debug|Any CPU
		{D5C247AD-68BD-4812-BD8E-32088DB105B6}.Release|Any CPU.ActiveCfg = Release|Any CPU
		{D5C247AD-68BD-4812-BD8E-32088DB105B6}.Release|Any CPU.Build.0 = Release|Any CPU
		{D5C247AD-68BD-4812-BD8E-32088DB105B6}.Release|Any CPU.Deploy.0 = Release|Any CPU
	EndGlobalSection
	GlobalSection(SolutionProperties) = preSolution
		HideSolutionNode = FALSE
	EndGlobalSection
	GlobalSection(ExtensibilityGlobals) = postSolution
		SolutionGuid = {27154EEE-2860-4079-91C7-D169BCD345A9}
	EndGlobalSection
EndGlobal
